
Microsoft Visual Studio Solution File, Format Version 12.00
# Visual Studio Version 17
VisualStudioVersion = 17.0.31903.59
MinimumVisualStudioVersion = 10.0.40219.1
Project("{FAE04EC0-301F-11D3-BF4B-00C04F79EFBC}") = "ModelLib", "ModelLib\ModelLib.csproj", "{4F25761C-3956-4C89-B20F-7E75C7701C4F}"
EndProject
Project("{FAE04EC0-301F-11D3-BF4B-00C04F79EFBC}") = "RepositoryLib", "RepositoryLib\RepositoryLib.csproj", "{CA693EDE-F578-433C-8F51-B8EA8124AF1A}"
EndProject
Project("{FAE04EC0-301F-11D3-BF4B-00C04F79EFBC}") = "CommonLib", "CommonLib\CommonLib.csproj", "{492DAACA-0ADC-4396-906C-7E328BF6FE4B}"
EndProject
Project("{FAE04EC0-301F-11D3-BF4B-00C04F79EFBC}") = "ClientApp", "ClientApp\ClientApp.csproj", "{6228D8A0-554C-4AB6-BC05-9AB69BF69D05}"
EndProject
Project("{FAE04EC0-301F-11D3-BF4B-00C04F79EFBC}") = "BusinessLib", "BusinessLib\BusinessLib.csproj", "{A1E49C8B-11F1-4083-AF2A-032843EAA480}"
EndProject
Project("{FAE04EC0-301F-11D3-BF4B-00C04F79EFBC}") = "ServiceApi", "ServiceApi\ServiceApi.csproj", "{7682C168-5AA2-4679-B24D-CF2C6D6487A1}"
EndProject
Global
	GlobalSection(SolutionConfigurationPlatforms) = preSolution
		Debug|Any CPU = Debug|Any CPU
		Release|Any CPU = Release|Any CPU
	EndGlobalSection
	GlobalSection(SolutionProperties) = preSolution
		HideSolutionNode = FALSE
	EndGlobalSection
	GlobalSection(ProjectConfigurationPlatforms) = postSolution
		{4F25761C-3956-4C89-B20F-7E75C7701C4F}.Debug|Any CPU.ActiveCfg = Debug|Any CPU
		{4F25761C-3956-4C89-B20F-7E75C7701C4F}.Debug|Any CPU.Build.0 = Debug|Any CPU
		{4F25761C-3956-4C89-B20F-7E75C7701C4F}.Release|Any CPU.ActiveCfg = Release|Any CPU
		{4F25761C-3956-4C89-B20F-7E75C7701C4F}.Release|Any CPU.Build.0 = Release|Any CPU
		{CA693EDE-F578-433C-8F51-B8EA8124AF1A}.Debug|Any CPU.ActiveCfg = Debug|Any CPU
		{CA693EDE-F578-433C-8F51-B8EA8124AF1A}.Debug|Any CPU.Build.0 = Debug|Any CPU
		{CA693EDE-F578-433C-8F51-B8EA8124AF1A}.Release|Any CPU.ActiveCfg = Release|Any CPU
		{CA693EDE-F578-433C-8F51-B8EA8124AF1A}.Release|Any CPU.Build.0 = Release|Any CPU
		{492DAACA-0ADC-4396-906C-7E328BF6FE4B}.Debug|Any CPU.ActiveCfg = Debug|Any CPU
		{492DAACA-0ADC-4396-906C-7E328BF6FE4B}.Debug|Any CPU.Build.0 = Debug|Any CPU
		{492DAACA-0ADC-4396-906C-7E328BF6FE4B}.Release|Any CPU.ActiveCfg = Release|Any CPU
		{492DAACA-0ADC-4396-906C-7E328BF6FE4B}.Release|Any CPU.Build.0 = Release|Any CPU
		{6228D8A0-554C-4AB6-BC05-9AB69BF69D05}.Debug|Any CPU.ActiveCfg = Debug|Any CPU
		{6228D8A0-554C-4AB6-BC05-9AB69BF69D05}.Debug|Any CPU.Build.0 = Debug|Any CPU
		{6228D8A0-554C-4AB6-BC05-9AB69BF69D05}.Release|Any CPU.ActiveCfg = Release|Any CPU
		{6228D8A0-554C-4AB6-BC05-9AB69BF69D05}.Release|Any CPU.Build.0 = Release|Any CPU
		{A1E49C8B-11F1-4083-AF2A-032843EAA480}.Debug|Any CPU.ActiveCfg = Debug|Any CPU
		{A1E49C8B-11F1-4083-AF2A-032843EAA480}.Debug|Any CPU.Build.0 = Debug|Any CPU
		{A1E49C8B-11F1-4083-AF2A-032843EAA480}.Release|Any CPU.ActiveCfg = Release|Any CPU
		{A1E49C8B-11F1-4083-AF2A-032843EAA480}.Release|Any CPU.Build.0 = Release|Any CPU
		{7682C168-5AA2-4679-B24D-CF2C6D6487A1}.Debug|Any CPU.ActiveCfg = Debug|Any CPU
		{7682C168-5AA2-4679-B24D-CF2C6D6487A1}.Debug|Any CPU.Build.0 = Debug|Any CPU
		{7682C168-5AA2-4679-B24D-CF2C6D6487A1}.Release|Any CPU.ActiveCfg = Release|Any CPU
		{7682C168-5AA2-4679-B24D-CF2C6D6487A1}.Release|Any CPU.Build.0 = Release|Any CPU
	EndGlobalSection
EndGlobal
