
Microsoft Visual Studio Solution File, Format Version 12.00
# Visual Studio Version 17
VisualStudioVersion = 17.0.31903.59
MinimumVisualStudioVersion = 10.0.40219.1
Project("{FAE04EC0-301F-11D3-BF4B-00C04F79EFBC}") = "ModelLib", "ModelLib\ModelLib.csproj", "{4F25761C-3956-4C89-B20F-7E75C7701C4F}"
EndProject
Project("{FAE04EC0-301F-11D3-BF4B-00C04F79EFBC}") = "RepositoryLib", "RepositoryLib\RepositoryLib.csproj", "{CA693EDE-F578-433C-8F51-B8EA8124AF1A}"
EndProject
Project("{FAE04EC0-301F-11D3-BF4B-00C04F79EFBC}") = "CommonLib", "CommonLib\CommonLib.csproj", "{492DAACA-0ADC-4396-906C-7E328BF6FE4B}"
EndProject
Global
	GlobalSection(SolutionConfigurationPlatforms) = preSolution
		Debug|Any CPU = Debug|Any CPU
		Release|Any CPU = Release|Any CPU
	EndGlobalSection
	GlobalSection(SolutionProperties) = preSolution
		HideSolutionNode = FALSE
	EndGlobalSection
	GlobalSection(ProjectConfigurationPlatforms) = postSolution
		{4F25761C-3956-4C89-B20F-7E75C7701C4F}.Debug|Any CPU.ActiveCfg = Debug|Any CPU
		{4F25761C-3956-4C89-B20F-7E75C7701C4F}.Debug|Any CPU.Build.0 = Debug|Any CPU
		{4F25761C-3956-4C89-B20F-7E75C7701C4F}.Release|Any CPU.ActiveCfg = Release|Any CPU
		{4F25761C-3956-4C89-B20F-7E75C7701C4F}.Release|Any CPU.Build.0 = Release|Any CPU
		{CA693EDE-F578-433C-8F51-B8EA8124AF1A}.Debug|Any CPU.ActiveCfg = Debug|Any CPU
		{CA693EDE-F578-433C-8F51-B8EA8124AF1A}.Debug|Any CPU.Build.0 = Debug|Any CPU
		{CA693EDE-F578-433C-8F51-B8EA8124AF1A}.Release|Any CPU.ActiveCfg = Release|Any CPU
		{CA693EDE-F578-433C-8F51-B8EA8124AF1A}.Release|Any CPU.Build.0 = Release|Any CPU
		{492DAACA-0ADC-4396-906C-7E328BF6FE4B}.Debug|Any CPU.ActiveCfg = Debug|Any CPU
		{492DAACA-0ADC-4396-906C-7E328BF6FE4B}.Debug|Any CPU.Build.0 = Debug|Any CPU
		{492DAACA-0ADC-4396-906C-7E328BF6FE4B}.Release|Any CPU.ActiveCfg = Release|Any CPU
		{492DAACA-0ADC-4396-906C-7E328BF6FE4B}.Release|Any CPU.Build.0 = Release|Any CPU
	EndGlobalSection
EndGlobal
